// !$*UTF8*$!
{
	archiveVersion = 1;
	classes = {
	};
	objectVersion = 56;
	objects = {

/* Begin PBXBuildFile section */
		A40000000000000000000001 /* AboutView.swift in Sources */ = {isa = PBXBuildFile; fileRef = A30000000000000000000001 /* AboutView.swift */; };
		A40000000000000000000002 /* AddNoteView.swift in Sources */ = {isa = PBXBuildFile; fileRef = A30000000000000000000002 /* AddNoteView.swift */; };
		A40000000000000000000003 /* App.swift in Sources */ = {isa = PBXBuildFile; fileRef = A30000000000000000000003 /* App.swift */; };
		A40000000000000000000004 /* AppPersistence.swift in Sources */ = {isa = PBXBuildFile; fileRef = A30000000000000000000004 /* AppPersistence.swift */; };
		A40000000000000000000005 /* AppPreferences.swift in Sources */ = {isa = PBXBuildFile; fileRef = A30000000000000000000005 /* AppPreferences.swift */; };
		A40000000000000000000006 /* ClipboardMonitor.swift in Sources */ = {isa = PBXBuildFile; fileRef = A30000000000000000000006 /* ClipboardMonitor.swift */; };
		A40000000000000000000007 /* ClipboardRepository.swift in Sources */ = {isa = PBXBuildFile; fileRef = A30000000000000000000007 /* ClipboardRepository.swift */; };
		A40000000000000000000008 /* ClipboardView.swift in Sources */ = {isa = PBXBuildFile; fileRef = A30000000000000000000008 /* ClipboardView.swift */; };
		A40000000000000000000009 /* ContentView.swift in Sources */ = {isa = PBXBuildFile; fileRef = A30000000000000000000009 /* ContentView.swift */; };
		A4000000000000000000000A /* MenuBarController.swift in Sources */ = {isa = PBXBuildFile; fileRef = A3000000000000000000000A /* MenuBarController.swift */; };
		A4000000000000000000000B /* Models.swift in Sources */ = {isa = PBXBuildFile; fileRef = A3000000000000000000000B /* Models.swift */; };
		A4000000000000000000000C /* NotesRepository.swift in Sources */ = {isa = PBXBuildFile; fileRef = A3000000000000000000000C /* NotesRepository.swift */; };
		A4000000000000000000000D /* NotesViewModel.swift in Sources */ = {isa = PBXBuildFile; fileRef = A3000000000000000000000D /* NotesViewModel.swift */; };
		A4000000000000000000000E /* SettingsView.swift in Sources */ = {isa = PBXBuildFile; fileRef = A3000000000000000000000E /* SettingsView.swift */; };
		A4000000000000000000000F /* TagSortView.swift in Sources */ = {isa = PBXBuildFile; fileRef = A3000000000000000000000F /* TagSortView.swift */; };
		A40000000000000000000010 /* ViewHelpers.swift in Sources */ = {isa = PBXBuildFile; fileRef = A30000000000000000000010 /* ViewHelpers.swift */; };
		A40000000000000000000011 /* VirtualizedNotesList.swift in Sources */ = {isa = PBXBuildFile; fileRef = A30000000000000000000011 /* VirtualizedNotesList.swift */; };
		A40000000000000000000012 /* QuickNotesTests.swift in Sources */ = {isa = PBXBuildFile; fileRef = A30000000000000000000012 /* QuickNotesTests.swift */; };
		A40000000000000000000020 /* AppIcon.png in Resources */ = {isa = PBXBuildFile; fileRef = A30000000000000000000020 /* AppIcon.png */; };
		A40000000000000000000022 /* MenuBarIcon@black.png in Resources */ = {isa = PBXBuildFile; fileRef = A30000000000000000000022 /* MenuBarIcon@black.png */; };
		A40000000000000000000023 /* MenuBarIcon@color.png in Resources */ = {isa = PBXBuildFile; fileRef = A30000000000000000000023 /* MenuBarIcon@color.png */; };
		A40000000000000000000024 /* Localizable.strings in Resources */ = {isa = PBXBuildFile; fileRef = A20000000000000000000009 /* Localizable.strings */; };
		A40000000000000000000050 /* HighlightSwift in Frameworks */ = {isa = PBXBuildFile; productRef = A90000000000000000000001 /* HighlightSwift */; };
/* End PBXBuildFile section */

/* Begin PBXContainerItemProxy section */
		A60000000000000000000001 /* PBXContainerItemProxy */ = {
			isa = PBXContainerItemProxy;
			containerPortal = A10000000000000000000001 /* Project object */;
			proxyType = 1;
			remoteGlobalIDString = A10000000000000000000101;
			remoteInfo = QuickNotes;
		};
/* End PBXContainerItemProxy section */

/* Begin PBXFileReference section */
		A30000000000000000000001 /* AboutView.swift */ = {isa = PBXFileReference; lastKnownFileType = sourcecode.swift; path = AboutView.swift; sourceTree = "<group>"; };
		A30000000000000000000002 /* AddNoteView.swift */ = {isa = PBXFileReference; lastKnownFileType = sourcecode.swift; path = AddNoteView.swift; sourceTree = "<group>"; };
		A30000000000000000000003 /* App.swift */ = {isa = PBXFileReference; lastKnownFileType = sourcecode.swift; path = App.swift; sourceTree = "<group>"; };
		A30000000000000000000004 /* AppPersistence.swift */ = {isa = PBXFileReference; lastKnownFileType = sourcecode.swift; path = AppPersistence.swift; sourceTree = "<group>"; };
		A30000000000000000000005 /* AppPreferences.swift */ = {isa = PBXFileReference; lastKnownFileType = sourcecode.swift; path = AppPreferences.swift; sourceTree = "<group>"; };
		A30000000000000000000006 /* ClipboardMonitor.swift */ = {isa = PBXFileReference; lastKnownFileType = sourcecode.swift; path = ClipboardMonitor.swift; sourceTree = "<group>"; };
		A30000000000000000000007 /* ClipboardRepository.swift */ = {isa = PBXFileReference; lastKnownFileType = sourcecode.swift; path = ClipboardRepository.swift; sourceTree = "<group>"; };
		A30000000000000000000008 /* ClipboardView.swift */ = {isa = PBXFileReference; lastKnownFileType = sourcecode.swift; path = ClipboardView.swift; sourceTree = "<group>"; };
		A30000000000000000000009 /* ContentView.swift */ = {isa = PBXFileReference; lastKnownFileType = sourcecode.swift; path = ContentView.swift; sourceTree = "<group>"; };
		A3000000000000000000000A /* MenuBarController.swift */ = {isa = PBXFileReference; lastKnownFileType = sourcecode.swift; path = MenuBarController.swift; sourceTree = "<group>"; };
		A3000000000000000000000B /* Models.swift */ = {isa = PBXFileReference; lastKnownFileType = sourcecode.swift; path = Models.swift; sourceTree = "<group>"; };
		A3000000000000000000000C /* NotesRepository.swift */ = {isa = PBXFileReference; lastKnownFileType = sourcecode.swift; path = NotesRepository.swift; sourceTree = "<group>"; };
		A3000000000000000000000D /* NotesViewModel.swift */ = {isa = PBXFileReference; lastKnownFileType = sourcecode.swift; path = NotesViewModel.swift; sourceTree = "<group>"; };
		A3000000000000000000000E /* SettingsView.swift */ = {isa = PBXFileReference; lastKnownFileType = sourcecode.swift; path = SettingsView.swift; sourceTree = "<group>"; };
		A3000000000000000000000F /* TagSortView.swift */ = {isa = PBXFileReference; lastKnownFileType = sourcecode.swift; path = TagSortView.swift; sourceTree = "<group>"; };
		A30000000000000000000010 /* ViewHelpers.swift */ = {isa = PBXFileReference; lastKnownFileType = sourcecode.swift; path = ViewHelpers.swift; sourceTree = "<group>"; };
		A30000000000000000000011 /* VirtualizedNotesList.swift */ = {isa = PBXFileReference; lastKnownFileType = sourcecode.swift; path = VirtualizedNotesList.swift; sourceTree = "<group>"; };
		A30000000000000000000012 /* QuickNotesTests.swift */ = {isa = PBXFileReference; lastKnownFileType = sourcecode.swift; path = QuickNotesTests.swift; sourceTree = "<group>"; };
		A30000000000000000000013 /* Package.swift */ = {isa = PBXFileReference; lastKnownFileType = sourcecode.swift; path = Package.swift; sourceTree = "<group>"; };
		A30000000000000000000014 /* Info.plist */ = {isa = PBXFileReference; lastKnownFileType = text.plist.xml; path = Info.plist; sourceTree = "<group>"; };
		A30000000000000000000015 /* README.md */ = {isa = PBXFileReference; lastKnownFileType = net.daringfireball.markdown; path = README.md; sourceTree = "<group>"; };
		A30000000000000000000020 /* AppIcon.png */ = {isa = PBXFileReference; lastKnownFileType = image.png; path = AppIcon.png; sourceTree = "<group>"; };
		A30000000000000000000021 /* AppIcon@512.png */ = {isa = PBXFileReference; lastKnownFileType = image.png; path = "AppIcon@512.png"; sourceTree = "<group>"; };
		A30000000000000000000022 /* MenuBarIcon@black.png */ = {isa = PBXFileReference; lastKnownFileType = image.png; path = "MenuBarIcon@black.png"; sourceTree = "<group>"; };
		A30000000000000000000023 /* MenuBarIcon@color.png */ = {isa = PBXFileReference; lastKnownFileType = image.png; path = "MenuBarIcon@color.png"; sourceTree = "<group>"; };
		A30000000000000000000024 /* icon16.png */ = {isa = PBXFileReference; lastKnownFileType = image.png; path = icon16.png; sourceTree = "<group>"; };
		A30000000000000000000025 /* icon32.png */ = {isa = PBXFileReference; lastKnownFileType = image.png; path = icon32.png; sourceTree = "<group>"; };
		A30000000000000000000026 /* icon48.png */ = {isa = PBXFileReference; lastKnownFileType = image.png; path = icon48.png; sourceTree = "<group>"; };
		A30000000000000000000027 /* AppIcon.png */ = {isa = PBXFileReference; lastKnownFileType = image.png; path = AppIcon.png; sourceTree = "<group>"; };
		A30000000000000000000028 /* MenuBarIcon.png */ = {isa = PBXFileReference; lastKnownFileType = image.png; path = MenuBarIcon.png; sourceTree = "<group>"; };
		A30000000000000000000029 /* icon16.png */ = {isa = PBXFileReference; lastKnownFileType = image.png; path = icon16.png; sourceTree = "<group>"; };
		A3000000000000000000002A /* icon32.png */ = {isa = PBXFileReference; lastKnownFileType = image.png; path = icon32.png; sourceTree = "<group>"; };
		A3000000000000000000002B /* icon48.png */ = {isa = PBXFileReference; lastKnownFileType = image.png; path = icon48.png; sourceTree = "<group>"; };
		A30000000000000000000030 /* QuickNotes.app */ = {isa = PBXFileReference; explicitFileType = wrapper.application; includeInIndex = 0; path = QuickNotes.app; sourceTree = BUILT_PRODUCTS_DIR; };
		A30000000000000000000031 /* QuickNotesTests.xctest */ = {isa = PBXFileReference; explicitFileType = wrapper.cfbundle; includeInIndex = 0; path = QuickNotesTests.xctest; sourceTree = BUILT_PRODUCTS_DIR; };
		A30000000000000000000040 /* en-US */ = {isa = PBXFileReference; lastKnownFileType = text.plist.strings; name = "en-US"; path = "en-US.lproj/Localizable.strings"; sourceTree = "<group>"; };
		A30000000000000000000041 /* zh-Hans */ = {isa = PBXFileReference; lastKnownFileType = text.plist.strings; name = "zh-Hans"; path = "zh-Hans.lproj/Localizable.strings"; sourceTree = "<group>"; };
		A30000000000000000000042 /* zh-Hant */ = {isa = PBXFileReference; lastKnownFileType = text.plist.strings; name = "zh-Hant"; path = "zh-Hant.lproj/Localizable.strings"; sourceTree = "<group>"; };
/* End PBXFileReference section */

/* Begin PBXFrameworksBuildPhase section */
		A50000000000000000000102 /* Frameworks */ = {isa = PBXFrameworksBuildPhase; buildActionMask = 2147483647; files = (A40000000000000000000050 /* HighlightSwift in Frameworks */); runOnlyForDeploymentPostprocessing = 0; };
		A50000000000000000000202 /* Frameworks */ = {isa = PBXFrameworksBuildPhase; buildActionMask = 2147483647; files = (); runOnlyForDeploymentPostprocessing = 0; };
/* End PBXFrameworksBuildPhase section */

/* Begin PBXGroup section */
		A20000000000000000000001 = {
			isa = PBXGroup;
			children = (
				A30000000000000000000013 /* Package.swift */,
				A30000000000000000000014 /* Info.plist */,
				A30000000000000000000015 /* README.md */,
				A20000000000000000000002 /* Sources */,
				A20000000000000000000003 /* Tests */,
				A20000000000000000000004 /* Resources */,
				A20000000000000000000006 /* Products */,
			);
			sourceTree = "<group>";
		};
		A20000000000000000000002 /* Sources */ = {isa = PBXGroup; children = (A20000000000000000000007 /* QuickNotes */); path = Sources; sourceTree = "<group>"; };
		A20000000000000000000003 /* Tests */ = {isa = PBXGroup; children = (A20000000000000000000008 /* QuickNotesTests */); path = Tests; sourceTree = "<group>"; };
		A20000000000000000000004 /* Resources */ = {
			isa = PBXGroup;
			children = (
				A20000000000000000000009 /* Localizable.strings */,
				A30000000000000000000020 /* AppIcon.png */,
				A30000000000000000000021 /* AppIcon@512.png */,
				A30000000000000000000022 /* MenuBarIcon@black.png */,
				A30000000000000000000023 /* MenuBarIcon@color.png */,
				A30000000000000000000024 /* icon16.png */,
				A30000000000000000000025 /* icon32.png */,
				A30000000000000000000026 /* icon48.png */,
				A20000000000000000000005 /* IconV1 */,
			);
			path = Resources;
			sourceTree = "<group>";
		};
		A20000000000000000000005 /* IconV1 */ = {
			isa = PBXGroup;
			children = (
				A30000000000000000000027 /* AppIcon.png */,
				A30000000000000000000028 /* MenuBarIcon.png */,
				A30000000000000000000029 /* icon16.png */,
				A3000000000000000000002A /* icon32.png */,
				A3000000000000000000002B /* icon48.png */,
			);
			path = IconV1;
			sourceTree = "<group>";
		};
		A20000000000000000000006 /* Products */ = {isa = PBXGroup; children = (A30000000000000000000030 /* QuickNotes.app */, A30000000000000000000031 /* QuickNotesTests.xctest */); name = Products; sourceTree = "<group>"; };
		A20000000000000000000007 /* QuickNotes */ = {
			isa = PBXGroup;
			children = (
				A30000000000000000000001 /* AboutView.swift */,
				A30000000000000000000002 /* AddNoteView.swift */,
				A30000000000000000000003 /* App.swift */,
				A30000000000000000000004 /* AppPersistence.swift */,
				A30000000000000000000005 /* AppPreferences.swift */,
				A30000000000000000000006 /* ClipboardMonitor.swift */,
				A30000000000000000000007 /* ClipboardRepository.swift */,
				A30000000000000000000008 /* ClipboardView.swift */,
				A30000000000000000000009 /* ContentView.swift */,
				A3000000000000000000000A /* MenuBarController.swift */,
				A3000000000000000000000B /* Models.swift */,
				A3000000000000000000000C /* NotesRepository.swift */,
				A3000000000000000000000D /* NotesViewModel.swift */,
				A3000000000000000000000E /* SettingsView.swift */,
				A3000000000000000000000F /* TagSortView.swift */,
				A30000000000000000000010 /* ViewHelpers.swift */,
				A30000000000000000000011 /* VirtualizedNotesList.swift */,
			);
			path = QuickNotes;
			sourceTree = "<group>";
		};
		A20000000000000000000008 /* QuickNotesTests */ = {isa = PBXGroup; children = (A30000000000000000000012 /* QuickNotesTests.swift */); path = QuickNotesTests; sourceTree = "<group>"; };
/* End PBXGroup section */

/* Begin PBXVariantGroup section */
		A20000000000000000000009 /* Localizable.strings */ = {
			isa = PBXVariantGroup;
			children = (
				A30000000000000000000040 /* en-US */,
				A30000000000000000000041 /* zh-Hans */,
				A30000000000000000000042 /* zh-Hant */,
			);
			name = Localizable.strings;
			sourceTree = "<group>";
		};
/* End PBXVariantGroup section */

/* Begin PBXNativeTarget section */
		A10000000000000000000101 /* QuickNotes */ = {
			isa = PBXNativeTarget;
			buildConfigurationList = A70000000000000000000101 /* Build configuration list for PBXNativeTarget "QuickNotes" */;
			buildPhases = (A50000000000000000000101 /* Sources */, A50000000000000000000102 /* Frameworks */, A50000000000000000000103 /* Resources */);
			buildRules = ();
			dependencies = ();
			name = QuickNotes;
			packageProductDependencies = (
				A90000000000000000000001 /* HighlightSwift */,
			);
			productName = QuickNotes;
			productReference = A30000000000000000000030 /* QuickNotes.app */;
			productType = "com.apple.product-type.application";
		};
		A10000000000000000000102 /* QuickNotesTests */ = {
			isa = PBXNativeTarget;
			buildConfigurationList = A70000000000000000000102 /* Build configuration list for PBXNativeTarget "QuickNotesTests" */;
			buildPhases = (A50000000000000000000201 /* Sources */, A50000000000000000000202 /* Frameworks */, A50000000000000000000203 /* Resources */);
			buildRules = ();
			dependencies = (A60000000000000000000002 /* PBXTargetDependency */);
			name = QuickNotesTests;
			productName = QuickNotesTests;
			productReference = A30000000000000000000031 /* QuickNotesTests.xctest */;
			productType = "com.apple.product-type.bundle.unit-test";
		};
/* End PBXNativeTarget section */

/* Begin PBXProject section */
		A10000000000000000000001 /* Project object */ = {
			isa = PBXProject;
			attributes = {
				BuildIndependentTargetsInParallel = 1;
				LastSwiftUpdateCheck = 2700;
				LastUpgradeCheck = 2700;
				TargetAttributes = {
					A10000000000000000000101 = {CreatedOnToolsVersion = 27.0; };
					A10000000000000000000102 = {CreatedOnToolsVersion = 27.0; TestTargetID = A10000000000000000000101; };
				};
			};
			buildConfigurationList = A70000000000000000000001 /* Build configuration list for PBXProject "QuickNotes" */;
			compatibilityVersion = "Xcode 14.0";
			developmentRegion = en;
			hasScannedForEncodings = 0;
			knownRegions = ("en-US", "zh-Hans", "zh-Hant", Base);
			mainGroup = A20000000000000000000001;
			packageReferences = (
				A80000000000000000000001 /* XCRemoteSwiftPackageReference "highlightswift" */,
			);
			productRefGroup = A20000000000000000000006 /* Products */;
			projectDirPath = "";
			projectRoot = "";
			targets = (A10000000000000000000101 /* QuickNotes */, A10000000000000000000102 /* QuickNotesTests */);
		};
/* End PBXProject section */

/* Begin PBXResourcesBuildPhase section */
		A50000000000000000000103 /* Resources */ = {
			isa = PBXResourcesBuildPhase;
			buildActionMask = 2147483647;
			files = (A40000000000000000000020 /* AppIcon.png in Resources */, A40000000000000000000022 /* MenuBarIcon@black.png in Resources */, A40000000000000000000023 /* MenuBarIcon@color.png in Resources */, A40000000000000000000024 /* Localizable.strings in Resources */);
			runOnlyForDeploymentPostprocessing = 0;
		};
		A50000000000000000000203 /* Resources */ = {isa = PBXResourcesBuildPhase; buildActionMask = 2147483647; files = (); runOnlyForDeploymentPostprocessing = 0; };
/* End PBXResourcesBuildPhase section */

/* Begin PBXSourcesBuildPhase section */
		A50000000000000000000101 /* Sources */ = {
			isa = PBXSourcesBuildPhase;
			buildActionMask = 2147483647;
			files = (
				A40000000000000000000001 /* AboutView.swift in Sources */,
				A40000000000000000000002 /* AddNoteView.swift in Sources */,
				A40000000000000000000003 /* App.swift in Sources */,
				A40000000000000000000004 /* AppPersistence.swift in Sources */,
				A40000000000000000000005 /* AppPreferences.swift in Sources */,
				A40000000000000000000006 /* ClipboardMonitor.swift in Sources */,
				A40000000000000000000007 /* ClipboardRepository.swift in Sources */,
				A40000000000000000000008 /* ClipboardView.swift in Sources */,
				A40000000000000000000009 /* ContentView.swift in Sources */,
				A4000000000000000000000A /* MenuBarController.swift in Sources */,
				A4000000000000000000000B /* Models.swift in Sources */,
				A4000000000000000000000C /* NotesRepository.swift in Sources */,
				A4000000000000000000000D /* NotesViewModel.swift in Sources */,
				A4000000000000000000000E /* SettingsView.swift in Sources */,
				A4000000000000000000000F /* TagSortView.swift in Sources */,
				A40000000000000000000010 /* ViewHelpers.swift in Sources */,
				A40000000000000000000011 /* VirtualizedNotesList.swift in Sources */,
			);
			runOnlyForDeploymentPostprocessing = 0;
		};
		A50000000000000000000201 /* Sources */ = {isa = PBXSourcesBuildPhase; buildActionMask = 2147483647; files = (A40000000000000000000012 /* QuickNotesTests.swift in Sources */); runOnlyForDeploymentPostprocessing = 0; };
/* End PBXSourcesBuildPhase section */

/* Begin PBXTargetDependency section */
		A60000000000000000000002 /* PBXTargetDependency */ = {isa = PBXTargetDependency; target = A10000000000000000000101 /* QuickNotes */; targetProxy = A60000000000000000000001 /* PBXContainerItemProxy */; };
/* End PBXTargetDependency section */

/* Begin XCBuildConfiguration section */
		A70000000000000000000011 /* Debug */ = {
			isa = XCBuildConfiguration;
			buildSettings = {
				ALWAYS_SEARCH_USER_PATHS = NO;
				CLANG_ENABLE_MODULES = YES;
				CLANG_ENABLE_OBJC_ARC = YES;
				COPY_PHASE_STRIP = NO;
				DEBUG_INFORMATION_FORMAT = dwarf;
				ENABLE_TESTABILITY = YES;
				GCC_C_LANGUAGE_STANDARD = gnu17;
				GCC_OPTIMIZATION_LEVEL = 0;
				MACOSX_DEPLOYMENT_TARGET = 15.0;
				ONLY_ACTIVE_ARCH = YES;
				SDKROOT = macosx;
				SWIFT_ACTIVE_COMPILATION_CONDITIONS = "DEBUG $(inherited)";
				SWIFT_OPTIMIZATION_LEVEL = "-Onone";
				SWIFT_VERSION = 6.0;
			};
			name = Debug;
		};
		A70000000000000000000012 /* Release */ = {
			isa = XCBuildConfiguration;
			buildSettings = {
				ALWAYS_SEARCH_USER_PATHS = NO;
				CLANG_ENABLE_MODULES = YES;
				CLANG_ENABLE_OBJC_ARC = YES;
				COPY_PHASE_STRIP = YES;
				DEBUG_INFORMATION_FORMAT = "dwarf-with-dsym";
				GCC_C_LANGUAGE_STANDARD = gnu17;
				MACOSX_DEPLOYMENT_TARGET = 15.0;
				SDKROOT = macosx;
				SWIFT_COMPILATION_MODE = wholemodule;
				SWIFT_OPTIMIZATION_LEVEL = "-O";
				SWIFT_VERSION = 6.0;
			};
			name = Release;
		};
		A70000000000000000000111 /* Debug */ = {
			isa = XCBuildConfiguration;
			buildSettings = {
				ARCHS = arm64;
				CODE_SIGN_IDENTITY = "-";
				CODE_SIGN_STYLE = Automatic;
				CURRENT_PROJECT_VERSION = 86;
				ENABLE_HARDENED_RUNTIME = YES;
				GENERATE_INFOPLIST_FILE = NO;
				INFOPLIST_FILE = Info.plist;
				LD_RUNPATH_SEARCH_PATHS = "$(inherited) @executable_path/../Frameworks";
				MARKETING_VERSION = 1.2.21;
				PRODUCT_BUNDLE_IDENTIFIER = com.webber.QuickNotes;
				PRODUCT_NAME = "$(TARGET_NAME)";
				SUPPORTED_PLATFORMS = macosx;
				SWIFT_EMIT_LOC_STRINGS = YES;
				SWIFT_STRICT_CONCURRENCY = complete;
			};
			name = Debug;
		};
		A70000000000000000000112 /* Release */ = {
			isa = XCBuildConfiguration;
			buildSettings = {
				ARCHS = arm64;
				CODE_SIGN_IDENTITY = "-";
				CODE_SIGN_STYLE = Automatic;
				CURRENT_PROJECT_VERSION = 86;
				ENABLE_HARDENED_RUNTIME = YES;
				GENERATE_INFOPLIST_FILE = NO;
				INFOPLIST_FILE = Info.plist;
				LD_RUNPATH_SEARCH_PATHS = "$(inherited) @executable_path/../Frameworks";
				MARKETING_VERSION = 1.2.21;
				PRODUCT_BUNDLE_IDENTIFIER = com.webber.QuickNotes;
				PRODUCT_NAME = "$(TARGET_NAME)";
				SUPPORTED_PLATFORMS = macosx;
				SWIFT_EMIT_LOC_STRINGS = YES;
				SWIFT_STRICT_CONCURRENCY = complete;
			};
			name = Release;
		};
		A70000000000000000000211 /* Debug */ = {
			isa = XCBuildConfiguration;
			buildSettings = {
				ARCHS = arm64;
				BUNDLE_LOADER = "$(TEST_HOST)";
				CODE_SIGN_IDENTITY = "-";
				CODE_SIGN_STYLE = Automatic;
				GENERATE_INFOPLIST_FILE = YES;
				MACOSX_DEPLOYMENT_TARGET = 15.0;
				PRODUCT_BUNDLE_IDENTIFIER = com.webber.QuickNotesTests;
				PRODUCT_NAME = "$(TARGET_NAME)";
				SWIFT_VERSION = 6.0;
				TEST_HOST = "$(BUILT_PRODUCTS_DIR)/QuickNotes.app/Contents/MacOS/QuickNotes";
			};
			name = Debug;
		};
		A70000000000000000000212 /* Release */ = {
			isa = XCBuildConfiguration;
			buildSettings = {
				ARCHS = arm64;
				BUNDLE_LOADER = "$(TEST_HOST)";
				CODE_SIGN_IDENTITY = "-";
				CODE_SIGN_STYLE = Automatic;
				GENERATE_INFOPLIST_FILE = YES;
				MACOSX_DEPLOYMENT_TARGET = 15.0;
				PRODUCT_BUNDLE_IDENTIFIER = com.webber.QuickNotesTests;
				PRODUCT_NAME = "$(TARGET_NAME)";
				SWIFT_VERSION = 6.0;
				TEST_HOST = "$(BUILT_PRODUCTS_DIR)/QuickNotes.app/Contents/MacOS/QuickNotes";
			};
			name = Release;
		};
/* End XCBuildConfiguration section */

/* Begin XCConfigurationList section */
		A70000000000000000000001 /* Build configuration list for PBXProject "QuickNotes" */ = {isa = XCConfigurationList; buildConfigurations = (A70000000000000000000011 /* Debug */, A70000000000000000000012 /* Release */); defaultConfigurationIsVisible = 0; defaultConfigurationName = Release; };
		A70000000000000000000101 /* Build configuration list for PBXNativeTarget "QuickNotes" */ = {isa = XCConfigurationList; buildConfigurations = (A70000000000000000000111 /* Debug */, A70000000000000000000112 /* Release */); defaultConfigurationIsVisible = 0; defaultConfigurationName = Release; };
		A70000000000000000000102 /* Build configuration list for PBXNativeTarget "QuickNotesTests" */ = {isa = XCConfigurationList; buildConfigurations = (A70000000000000000000211 /* Debug */, A70000000000000000000212 /* Release */); defaultConfigurationIsVisible = 0; defaultConfigurationName = Release; };
/* End XCConfigurationList section */

/* Begin XCRemoteSwiftPackageReference section */
		A80000000000000000000001 /* XCRemoteSwiftPackageReference "highlightswift" */ = {
			isa = XCRemoteSwiftPackageReference;
			repositoryURL = "https://github.com/appstefan/highlightswift.git";
			requirement = {
				kind = upToNextMajorVersion;
				minimumVersion = 1.1.0;
			};
		};
/* End XCRemoteSwiftPackageReference section */

/* Begin XCSwiftPackageProductDependency section */
		A90000000000000000000001 /* HighlightSwift */ = {
			isa = XCSwiftPackageProductDependency;
			package = A80000000000000000000001 /* XCRemoteSwiftPackageReference "highlightswift" */;
			productName = HighlightSwift;
		};
/* End XCSwiftPackageProductDependency section */
	};
	rootObject = A10000000000000000000001 /* Project object */;
}
